uuid: 24979d5d-07e0-41a0-bcb5-0f3b21c96adf
langcode: en
status: true
dependencies:
  module:
    - lightning_core
    - node
third_party_settings:
  lightning_core:
    description: 'Unofficial Election Results Block for node_elections.'
id: node.election_block
label: 'Election Block'
targetEntityType: node
cache: true
